
Microsoft Visual Studio Solution File, Format Version 12.00
# Visual Studio Version 17
VisualStudioVersion = 17.5.33424.131
MinimumVisualStudioVersion = 10.0.40219.1
Project("{9A19103F-16F7-4668-BE54-9A1E7A4F7556}") = "ListadeExercicio01.Exercicio01", "ListadeExercicio01.Exercicio01\ListadeExercicio01.Exercicio01.csproj", "{2681642D-B1C1-44BB-883E-3B93BB6C02F5}"
EndProject
Project("{9A19103F-16F7-4668-BE54-9A1E7A4F7556}") = "ListadeExercicio01.Exercicio02", "ListadeExercicio01.Exercicio02\ListadeExercicio01.Exercicio02.csproj", "{3F2BBBA3-23BE-481B-93CF-444FC698FE3E}"
EndProject
Project("{9A19103F-16F7-4668-BE54-9A1E7A4F7556}") = "ListadeExercicio01.Exercicio03", "ListadeExercicio01.Exercicio03\ListadeExercicio01.Exercicio03.csproj", "{41FD6701-A54C-4506-A8D4-AAC5A40A310A}"
EndProject
Project("{9A19103F-16F7-4668-BE54-9A1E7A4F7556}") = "ListadeExercicio01.Exercicio04", "ListadeExercicio01.Exercicio04\ListadeExercicio01.Exercicio04.csproj", "{A02512A3-8049-4D40-86B2-A2603126CFDB}"
EndProject
Project("{9A19103F-16F7-4668-BE54-9A1E7A4F7556}") = "ListadeExercicio01.Exercicio05", "ListadeExercicio01.Exercicio05\ListadeExercicio01.Exercicio05.csproj", "{0E39FE49-998C-4376-AD5A-4099F89333AC}"
EndProject
Project("{9A19103F-16F7-4668-BE54-9A1E7A4F7556}") = "ListadeExercicio01.Exercicio06", "ListadeExercicio01.Exercicio06\ListadeExercicio01.Exercicio06.csproj", "{A0EBB81C-8D95-4D4D-9AE5-F8BE7DBF1475}"
EndProject
Project("{9A19103F-16F7-4668-BE54-9A1E7A4F7556}") = "ListadeExercicio01.Exercicio07", "ListadeExercicio01.Exercicio07\ListadeExercicio01.Exercicio07.csproj", "{4C6B7517-9B22-471D-A476-F79968D8FFA8}"
EndProject
Project("{9A19103F-16F7-4668-BE54-9A1E7A4F7556}") = "ListadeExercicio01.Exercicio08", "ListadeExercicio01.Exercicio08\ListadeExercicio01.Exercicio08.csproj", "{DBCAC3DB-177B-4875-952B-B3A8A8E88857}"
EndProject
Project("{9A19103F-16F7-4668-BE54-9A1E7A4F7556}") = "ListadeExercicio01.Exercicio09", "ListadeExercicio01.Exercicio09\ListadeExercicio01.Exercicio09.csproj", "{93EB4B63-EC22-4937-9DB5-AD0FBDF1D507}"
EndProject
Project("{9A19103F-16F7-4668-BE54-9A1E7A4F7556}") = "ListadeExercicio01.Exercicio10", "ListadeExercicio01.Exercicio10\ListadeExercicio01.Exercicio10.csproj", "{5E3EEC0F-AC50-4849-84B7-FB5B0905C51B}"
EndProject
Project("{9A19103F-16F7-4668-BE54-9A1E7A4F7556}") = "ListadeExercicio01.Exercicio11", "ListadeExercicio01.Exercicio11\ListadeExercicio01.Exercicio11.csproj", "{295A1F85-9A9B-4A0D-B392-5573C086959E}"
EndProject
Project("{9A19103F-16F7-4668-BE54-9A1E7A4F7556}") = "ListadeExercicio01.Exercicio12", "ListadeExercicio01.Exercicio12\ListadeExercicio01.Exercicio12.csproj", "{B1B37AFD-A372-4F47-9E31-209ED1C3BFAC}"
EndProject
Project("{9A19103F-16F7-4668-BE54-9A1E7A4F7556}") = "ListadeExercicio01.Exercicio13", "ListadeExercicio01.Exercicio13\ListadeExercicio01.Exercicio13.csproj", "{42C1532C-CADF-49F8-BC7D-22F9354DFAD6}"
EndProject
Project("{9A19103F-16F7-4668-BE54-9A1E7A4F7556}") = "ListadeExercicio01.Exercicio14", "ListadeExercicio01.Exercicio14\ListadeExercicio01.Exercicio14.csproj", "{68B8FF62-A1E2-4F5D-B648-8C2C44C60451}"
EndProject
Project("{9A19103F-16F7-4668-BE54-9A1E7A4F7556}") = "ListadeExercicio01.Exercicio15", "ListadeExercicio01.Exercicio15\ListadeExercicio01.Exercicio15.csproj", "{599B7B92-9946-44A5-A51D-2703A90B6B06}"
EndProject
Project("{9A19103F-16F7-4668-BE54-9A1E7A4F7556}") = "ListadeExercicio01.Exercicio16", "ListadeExercicio01.Exercicio16\ListadeExercicio01.Exercicio16.csproj", "{89F38BC6-A554-4340-9E7E-7AC35CDC3CA9}"
EndProject
Project("{9A19103F-16F7-4668-BE54-9A1E7A4F7556}") = "ListadeExercicio01.Exercicio17", "ListadeExercicio01.Exercicio17\ListadeExercicio01.Exercicio17.csproj", "{08F3DDB1-FA4F-4CEE-9FCD-11AD472463AE}"
EndProject
Project("{9A19103F-16F7-4668-BE54-9A1E7A4F7556}") = "ListadeExercicio01.Exercicio18", "ListadeExercicio01.Exercicio18\ListadeExercicio01.Exercicio18.csproj", "{88DD4FA1-1A59-4DA7-AE53-9543DC3638C7}"
EndProject
Project("{9A19103F-16F7-4668-BE54-9A1E7A4F7556}") = "ListadeExercicio01.Exercicio19", "ListadeExercicio01.Exercicio19\ListadeExercicio01.Exercicio19.csproj", "{0C44FB83-DEB6-4966-B5E9-9BF4BD009323}"
EndProject
Project("{9A19103F-16F7-4668-BE54-9A1E7A4F7556}") = "ListadeExercicio01.Exercicio20", "ListadeExercicio01.Exercicio20\ListadeExercicio01.Exercicio20.csproj", "{8A1A50DD-94EB-4430-B918-85DDC4406F16}"
EndProject
Project("{9A19103F-16F7-4668-BE54-9A1E7A4F7556}") = "ListadeExercicio01.Exercicio21", "ListadeExercicio01.Exercicio21\ListadeExercicio01.Exercicio21.csproj", "{58C594B4-9AE3-4819-A274-E2D916D75375}"
EndProject
Project("{9A19103F-16F7-4668-BE54-9A1E7A4F7556}") = "ListadeExercicio01.Exercicio22", "ListadeExercicio01.Exercicio22\ListadeExercicio01.Exercicio22.csproj", "{A255E5FB-2DA8-480E-88BD-144A695C5A47}"
EndProject
Project("{9A19103F-16F7-4668-BE54-9A1E7A4F7556}") = "ListadeExercicio01.Exercicio23", "ListadeExercicio01.Exercicio23\ListadeExercicio01.Exercicio23.csproj", "{00D25575-CB51-4245-82A6-E2E8759525C3}"
EndProject
Project("{9A19103F-16F7-4668-BE54-9A1E7A4F7556}") = "ListadeExercicio01.Exercicio24", "ListadeExercicio01.Exercicio24\ListadeExercicio01.Exercicio24.csproj", "{D8F21F92-7A9E-4B0F-BB63-86D6456C9B07}"
EndProject
Project("{9A19103F-16F7-4668-BE54-9A1E7A4F7556}") = "ListadeExercicio01.Exercicio25", "ListadeExercicio01.Exercicio25\ListadeExercicio01.Exercicio25.csproj", "{EB75E594-421B-4939-B4C7-063AFE60AD7E}"
EndProject
Project("{9A19103F-16F7-4668-BE54-9A1E7A4F7556}") = "ListadeExercicio01.Exercicio26", "ListadeExercicio01.Exercicio26\ListadeExercicio01.Exercicio26.csproj", "{B66DCBD0-4102-427D-965A-A124E6F95CD9}"
EndProject
Project("{9A19103F-16F7-4668-BE54-9A1E7A4F7556}") = "ListadeExercicio01.Exercicio27", "ListadeExercicio01.Exercicio27\ListadeExercicio01.Exercicio27.csproj", "{F1CD2570-ABD2-443C-B86D-C0DB832ED0BD}"
EndProject
Project("{9A19103F-16F7-4668-BE54-9A1E7A4F7556}") = "ListadeExercicio01.Exercicio28", "ListadeExercicio01.Exercicio28\ListadeExercicio01.Exercicio28.csproj", "{48F1A5DF-6568-4DCB-AF0B-2FD5CC89F844}"
EndProject
Project("{2150E333-8FDC-42A3-9474-1A3956D46DE8}") = "Parte 1", "Parte 1", "{EA9923A8-F479-45B1-B3DC-16717E8F1C0A}"
EndProject
Project("{2150E333-8FDC-42A3-9474-1A3956D46DE8}") = "Parte 2", "Parte 2", "{71FBAC85-DF21-4BC0-9AA3-A04E8AD0EB39}"
EndProject
Global
	GlobalSection(SolutionConfigurationPlatforms) = preSolution
		Debug|Any CPU = Debug|Any CPU
		Release|Any CPU = Release|Any CPU
	EndGlobalSection
	GlobalSection(ProjectConfigurationPlatforms) = postSolution
		{2681642D-B1C1-44BB-883E-3B93BB6C02F5}.Debug|Any CPU.ActiveCfg = Debug|Any CPU
		{2681642D-B1C1-44BB-883E-3B93BB6C02F5}.Debug|Any CPU.Build.0 = Debug|Any CPU
		{2681642D-B1C1-44BB-883E-3B93BB6C02F5}.Release|Any CPU.ActiveCfg = Release|Any CPU
		{2681642D-B1C1-44BB-883E-3B93BB6C02F5}.Release|Any CPU.Build.0 = Release|Any CPU
		{3F2BBBA3-23BE-481B-93CF-444FC698FE3E}.Debug|Any CPU.ActiveCfg = Debug|Any CPU
		{3F2BBBA3-23BE-481B-93CF-444FC698FE3E}.Debug|Any CPU.Build.0 = Debug|Any CPU
		{3F2BBBA3-23BE-481B-93CF-444FC698FE3E}.Release|Any CPU.ActiveCfg = Release|Any CPU
		{3F2BBBA3-23BE-481B-93CF-444FC698FE3E}.Release|Any CPU.Build.0 = Release|Any CPU
		{41FD6701-A54C-4506-A8D4-AAC5A40A310A}.Debug|Any CPU.ActiveCfg = Debug|Any CPU
		{41FD6701-A54C-4506-A8D4-AAC5A40A310A}.Debug|Any CPU.Build.0 = Debug|Any CPU
		{41FD6701-A54C-4506-A8D4-AAC5A40A310A}.Release|Any CPU.ActiveCfg = Release|Any CPU
		{41FD6701-A54C-4506-A8D4-AAC5A40A310A}.Release|Any CPU.Build.0 = Release|Any CPU
		{A02512A3-8049-4D40-86B2-A2603126CFDB}.Debug|Any CPU.ActiveCfg = Debug|Any CPU
		{A02512A3-8049-4D40-86B2-A2603126CFDB}.Debug|Any CPU.Build.0 = Debug|Any CPU
		{A02512A3-8049-4D40-86B2-A2603126CFDB}.Release|Any CPU.ActiveCfg = Release|Any CPU
		{A02512A3-8049-4D40-86B2-A2603126CFDB}.Release|Any CPU.Build.0 = Release|Any CPU
		{0E39FE49-998C-4376-AD5A-4099F89333AC}.Debug|Any CPU.ActiveCfg = Debug|Any CPU
		{0E39FE49-998C-4376-AD5A-4099F89333AC}.Debug|Any CPU.Build.0 = Debug|Any CPU
		{0E39FE49-998C-4376-AD5A-4099F89333AC}.Release|Any CPU.ActiveCfg = Release|Any CPU
		{0E39FE49-998C-4376-AD5A-4099F89333AC}.Release|Any CPU.Build.0 = Release|Any CPU
		{A0EBB81C-8D95-4D4D-9AE5-F8BE7DBF1475}.Debug|Any CPU.ActiveCfg = Debug|Any CPU
		{A0EBB81C-8D95-4D4D-9AE5-F8BE7DBF1475}.Debug|Any CPU.Build.0 = Debug|Any CPU
		{A0EBB81C-8D95-4D4D-9AE5-F8BE7DBF1475}.Release|Any CPU.ActiveCfg = Release|Any CPU
		{A0EBB81C-8D95-4D4D-9AE5-F8BE7DBF1475}.Release|Any CPU.Build.0 = Release|Any CPU
		{4C6B7517-9B22-471D-A476-F79968D8FFA8}.Debug|Any CPU.ActiveCfg = Debug|Any CPU
		{4C6B7517-9B22-471D-A476-F79968D8FFA8}.Debug|Any CPU.Build.0 = Debug|Any CPU
		{4C6B7517-9B22-471D-A476-F79968D8FFA8}.Release|Any CPU.ActiveCfg = Release|Any CPU
		{4C6B7517-9B22-471D-A476-F79968D8FFA8}.Release|Any CPU.Build.0 = Release|Any CPU
		{DBCAC3DB-177B-4875-952B-B3A8A8E88857}.Debug|Any CPU.ActiveCfg = Debug|Any CPU
		{DBCAC3DB-177B-4875-952B-B3A8A8E88857}.Debug|Any CPU.Build.0 = Debug|Any CPU
		{DBCAC3DB-177B-4875-952B-B3A8A8E88857}.Release|Any CPU.ActiveCfg = Release|Any CPU
		{DBCAC3DB-177B-4875-952B-B3A8A8E88857}.Release|Any CPU.Build.0 = Release|Any CPU
		{93EB4B63-EC22-4937-9DB5-AD0FBDF1D507}.Debug|Any CPU.ActiveCfg = Debug|Any CPU
		{93EB4B63-EC22-4937-9DB5-AD0FBDF1D507}.Debug|Any CPU.Build.0 = Debug|Any CPU
		{93EB4B63-EC22-4937-9DB5-AD0FBDF1D507}.Release|Any CPU.ActiveCfg = Release|Any CPU
		{93EB4B63-EC22-4937-9DB5-AD0FBDF1D507}.Release|Any CPU.Build.0 = Release|Any CPU
		{5E3EEC0F-AC50-4849-84B7-FB5B0905C51B}.Debug|Any CPU.ActiveCfg = Debug|Any CPU
		{5E3EEC0F-AC50-4849-84B7-FB5B0905C51B}.Debug|Any CPU.Build.0 = Debug|Any CPU
		{5E3EEC0F-AC50-4849-84B7-FB5B0905C51B}.Release|Any CPU.ActiveCfg = Release|Any CPU
		{5E3EEC0F-AC50-4849-84B7-FB5B0905C51B}.Release|Any CPU.Build.0 = Release|Any CPU
		{295A1F85-9A9B-4A0D-B392-5573C086959E}.Debug|Any CPU.ActiveCfg = Debug|Any CPU
		{295A1F85-9A9B-4A0D-B392-5573C086959E}.Debug|Any CPU.Build.0 = Debug|Any CPU
		{295A1F85-9A9B-4A0D-B392-5573C086959E}.Release|Any CPU.ActiveCfg = Release|Any CPU
		{295A1F85-9A9B-4A0D-B392-5573C086959E}.Release|Any CPU.Build.0 = Release|Any CPU
		{B1B37AFD-A372-4F47-9E31-209ED1C3BFAC}.Debug|Any CPU.ActiveCfg = Debug|Any CPU
		{B1B37AFD-A372-4F47-9E31-209ED1C3BFAC}.Debug|Any CPU.Build.0 = Debug|Any CPU
		{B1B37AFD-A372-4F47-9E31-209ED1C3BFAC}.Release|Any CPU.ActiveCfg = Release|Any CPU
		{B1B37AFD-A372-4F47-9E31-209ED1C3BFAC}.Release|Any CPU.Build.0 = Release|Any CPU
		{42C1532C-CADF-49F8-BC7D-22F9354DFAD6}.Debug|Any CPU.ActiveCfg = Debug|Any CPU
		{42C1532C-CADF-49F8-BC7D-22F9354DFAD6}.Debug|Any CPU.Build.0 = Debug|Any CPU
		{42C1532C-CADF-49F8-BC7D-22F9354DFAD6}.Release|Any CPU.ActiveCfg = Release|Any CPU
		{42C1532C-CADF-49F8-BC7D-22F9354DFAD6}.Release|Any CPU.Build.0 = Release|Any CPU
		{68B8FF62-A1E2-4F5D-B648-8C2C44C60451}.Debug|Any CPU.ActiveCfg = Debug|Any CPU
		{68B8FF62-A1E2-4F5D-B648-8C2C44C60451}.Debug|Any CPU.Build.0 = Debug|Any CPU
		{68B8FF62-A1E2-4F5D-B648-8C2C44C60451}.Release|Any CPU.ActiveCfg = Release|Any CPU
		{68B8FF62-A1E2-4F5D-B648-8C2C44C60451}.Release|Any CPU.Build.0 = Release|Any CPU
		{599B7B92-9946-44A5-A51D-2703A90B6B06}.Debug|Any CPU.ActiveCfg = Debug|Any CPU
		{599B7B92-9946-44A5-A51D-2703A90B6B06}.Debug|Any CPU.Build.0 = Debug|Any CPU
		{599B7B92-9946-44A5-A51D-2703A90B6B06}.Release|Any CPU.ActiveCfg = Release|Any CPU
		{599B7B92-9946-44A5-A51D-2703A90B6B06}.Release|Any CPU.Build.0 = Release|Any CPU
		{89F38BC6-A554-4340-9E7E-7AC35CDC3CA9}.Debug|Any CPU.ActiveCfg = Debug|Any CPU
		{89F38BC6-A554-4340-9E7E-7AC35CDC3CA9}.Debug|Any CPU.Build.0 = Debug|Any CPU
		{89F38BC6-A554-4340-9E7E-7AC35CDC3CA9}.Release|Any CPU.ActiveCfg = Release|Any CPU
		{89F38BC6-A554-4340-9E7E-7AC35CDC3CA9}.Release|Any CPU.Build.0 = Release|Any CPU
		{08F3DDB1-FA4F-4CEE-9FCD-11AD472463AE}.Debug|Any CPU.ActiveCfg = Debug|Any CPU
		{08F3DDB1-FA4F-4CEE-9FCD-11AD472463AE}.Debug|Any CPU.Build.0 = Debug|Any CPU
		{08F3DDB1-FA4F-4CEE-9FCD-11AD472463AE}.Release|Any CPU.ActiveCfg = Release|Any CPU
		{08F3DDB1-FA4F-4CEE-9FCD-11AD472463AE}.Release|Any CPU.Build.0 = Release|Any CPU
		{88DD4FA1-1A59-4DA7-AE53-9543DC3638C7}.Debug|Any CPU.ActiveCfg = Debug|Any CPU
		{88DD4FA1-1A59-4DA7-AE53-9543DC3638C7}.Debug|Any CPU.Build.0 = Debug|Any CPU
		{88DD4FA1-1A59-4DA7-AE53-9543DC3638C7}.Release|Any CPU.ActiveCfg = Release|Any CPU
		{88DD4FA1-1A59-4DA7-AE53-9543DC3638C7}.Release|Any CPU.Build.0 = Release|Any CPU
		{0C44FB83-DEB6-4966-B5E9-9BF4BD009323}.Debug|Any CPU.ActiveCfg = Debug|Any CPU
		{0C44FB83-DEB6-4966-B5E9-9BF4BD009323}.Debug|Any CPU.Build.0 = Debug|Any CPU
		{0C44FB83-DEB6-4966-B5E9-9BF4BD009323}.Release|Any CPU.ActiveCfg = Release|Any CPU
		{0C44FB83-DEB6-4966-B5E9-9BF4BD009323}.Release|Any CPU.Build.0 = Release|Any CPU
		{8A1A50DD-94EB-4430-B918-85DDC4406F16}.Debug|Any CPU.ActiveCfg = Debug|Any CPU
		{8A1A50DD-94EB-4430-B918-85DDC4406F16}.Debug|Any CPU.Build.0 = Debug|Any CPU
		{8A1A50DD-94EB-4430-B918-85DDC4406F16}.Release|Any CPU.ActiveCfg = Release|Any CPU
		{8A1A50DD-94EB-4430-B918-85DDC4406F16}.Release|Any CPU.Build.0 = Release|Any CPU
		{58C594B4-9AE3-4819-A274-E2D916D75375}.Debug|Any CPU.ActiveCfg = Debug|Any CPU
		{58C594B4-9AE3-4819-A274-E2D916D75375}.Debug|Any CPU.Build.0 = Debug|Any CPU
		{58C594B4-9AE3-4819-A274-E2D916D75375}.Release|Any CPU.ActiveCfg = Release|Any CPU
		{58C594B4-9AE3-4819-A274-E2D916D75375}.Release|Any CPU.Build.0 = Release|Any CPU
		{A255E5FB-2DA8-480E-88BD-144A695C5A47}.Debug|Any CPU.ActiveCfg = Debug|Any CPU
		{A255E5FB-2DA8-480E-88BD-144A695C5A47}.Debug|Any CPU.Build.0 = Debug|Any CPU
		{A255E5FB-2DA8-480E-88BD-144A695C5A47}.Release|Any CPU.ActiveCfg = Release|Any CPU
		{A255E5FB-2DA8-480E-88BD-144A695C5A47}.Release|Any CPU.Build.0 = Release|Any CPU
		{00D25575-CB51-4245-82A6-E2E8759525C3}.Debug|Any CPU.ActiveCfg = Debug|Any CPU
		{00D25575-CB51-4245-82A6-E2E8759525C3}.Debug|Any CPU.Build.0 = Debug|Any CPU
		{00D25575-CB51-4245-82A6-E2E8759525C3}.Release|Any CPU.ActiveCfg = Release|Any CPU
		{00D25575-CB51-4245-82A6-E2E8759525C3}.Release|Any CPU.Build.0 = Release|Any CPU
		{D8F21F92-7A9E-4B0F-BB63-86D6456C9B07}.Debug|Any CPU.ActiveCfg = Debug|Any CPU
		{D8F21F92-7A9E-4B0F-BB63-86D6456C9B07}.Debug|Any CPU.Build.0 = Debug|Any CPU
		{D8F21F92-7A9E-4B0F-BB63-86D6456C9B07}.Release|Any CPU.ActiveCfg = Release|Any CPU
		{D8F21F92-7A9E-4B0F-BB63-86D6456C9B07}.Release|Any CPU.Build.0 = Release|Any CPU
		{EB75E594-421B-4939-B4C7-063AFE60AD7E}.Debug|Any CPU.ActiveCfg = Debug|Any CPU
		{EB75E594-421B-4939-B4C7-063AFE60AD7E}.Debug|Any CPU.Build.0 = Debug|Any CPU
		{EB75E594-421B-4939-B4C7-063AFE60AD7E}.Release|Any CPU.ActiveCfg = Release|Any CPU
		{EB75E594-421B-4939-B4C7-063AFE60AD7E}.Release|Any CPU.Build.0 = Release|Any CPU
		{B66DCBD0-4102-427D-965A-A124E6F95CD9}.Debug|Any CPU.ActiveCfg = Debug|Any CPU
		{B66DCBD0-4102-427D-965A-A124E6F95CD9}.Debug|Any CPU.Build.0 = Debug|Any CPU
		{B66DCBD0-4102-427D-965A-A124E6F95CD9}.Release|Any CPU.ActiveCfg = Release|Any CPU
		{B66DCBD0-4102-427D-965A-A124E6F95CD9}.Release|Any CPU.Build.0 = Release|Any CPU
		{F1CD2570-ABD2-443C-B86D-C0DB832ED0BD}.Debug|Any CPU.ActiveCfg = Debug|Any CPU
		{F1CD2570-ABD2-443C-B86D-C0DB832ED0BD}.Debug|Any CPU.Build.0 = Debug|Any CPU
		{F1CD2570-ABD2-443C-B86D-C0DB832ED0BD}.Release|Any CPU.ActiveCfg = Release|Any CPU
		{F1CD2570-ABD2-443C-B86D-C0DB832ED0BD}.Release|Any CPU.Build.0 = Release|Any CPU
		{48F1A5DF-6568-4DCB-AF0B-2FD5CC89F844}.Debug|Any CPU.ActiveCfg = Debug|Any CPU
		{48F1A5DF-6568-4DCB-AF0B-2FD5CC89F844}.Debug|Any CPU.Build.0 = Debug|Any CPU
		{48F1A5DF-6568-4DCB-AF0B-2FD5CC89F844}.Release|Any CPU.ActiveCfg = Release|Any CPU
		{48F1A5DF-6568-4DCB-AF0B-2FD5CC89F844}.Release|Any CPU.Build.0 = Release|Any CPU
	EndGlobalSection
	GlobalSection(SolutionProperties) = preSolution
		HideSolutionNode = FALSE
	EndGlobalSection
	GlobalSection(NestedProjects) = preSolution
		{2681642D-B1C1-44BB-883E-3B93BB6C02F5} = {EA9923A8-F479-45B1-B3DC-16717E8F1C0A}
		{3F2BBBA3-23BE-481B-93CF-444FC698FE3E} = {EA9923A8-F479-45B1-B3DC-16717E8F1C0A}
		{41FD6701-A54C-4506-A8D4-AAC5A40A310A} = {EA9923A8-F479-45B1-B3DC-16717E8F1C0A}
		{A02512A3-8049-4D40-86B2-A2603126CFDB} = {EA9923A8-F479-45B1-B3DC-16717E8F1C0A}
		{0E39FE49-998C-4376-AD5A-4099F89333AC} = {EA9923A8-F479-45B1-B3DC-16717E8F1C0A}
		{A0EBB81C-8D95-4D4D-9AE5-F8BE7DBF1475} = {EA9923A8-F479-45B1-B3DC-16717E8F1C0A}
		{4C6B7517-9B22-471D-A476-F79968D8FFA8} = {EA9923A8-F479-45B1-B3DC-16717E8F1C0A}
		{DBCAC3DB-177B-4875-952B-B3A8A8E88857} = {EA9923A8-F479-45B1-B3DC-16717E8F1C0A}
		{93EB4B63-EC22-4937-9DB5-AD0FBDF1D507} = {EA9923A8-F479-45B1-B3DC-16717E8F1C0A}
		{5E3EEC0F-AC50-4849-84B7-FB5B0905C51B} = {EA9923A8-F479-45B1-B3DC-16717E8F1C0A}
		{295A1F85-9A9B-4A0D-B392-5573C086959E} = {EA9923A8-F479-45B1-B3DC-16717E8F1C0A}
		{B1B37AFD-A372-4F47-9E31-209ED1C3BFAC} = {EA9923A8-F479-45B1-B3DC-16717E8F1C0A}
		{42C1532C-CADF-49F8-BC7D-22F9354DFAD6} = {EA9923A8-F479-45B1-B3DC-16717E8F1C0A}
		{68B8FF62-A1E2-4F5D-B648-8C2C44C60451} = {EA9923A8-F479-45B1-B3DC-16717E8F1C0A}
		{599B7B92-9946-44A5-A51D-2703A90B6B06} = {EA9923A8-F479-45B1-B3DC-16717E8F1C0A}
		{89F38BC6-A554-4340-9E7E-7AC35CDC3CA9} = {EA9923A8-F479-45B1-B3DC-16717E8F1C0A}
		{08F3DDB1-FA4F-4CEE-9FCD-11AD472463AE} = {71FBAC85-DF21-4BC0-9AA3-A04E8AD0EB39}
		{88DD4FA1-1A59-4DA7-AE53-9543DC3638C7} = {71FBAC85-DF21-4BC0-9AA3-A04E8AD0EB39}
		{0C44FB83-DEB6-4966-B5E9-9BF4BD009323} = {71FBAC85-DF21-4BC0-9AA3-A04E8AD0EB39}
		{8A1A50DD-94EB-4430-B918-85DDC4406F16} = {71FBAC85-DF21-4BC0-9AA3-A04E8AD0EB39}
		{58C594B4-9AE3-4819-A274-E2D916D75375} = {71FBAC85-DF21-4BC0-9AA3-A04E8AD0EB39}
		{A255E5FB-2DA8-480E-88BD-144A695C5A47} = {71FBAC85-DF21-4BC0-9AA3-A04E8AD0EB39}
		{00D25575-CB51-4245-82A6-E2E8759525C3} = {71FBAC85-DF21-4BC0-9AA3-A04E8AD0EB39}
		{D8F21F92-7A9E-4B0F-BB63-86D6456C9B07} = {71FBAC85-DF21-4BC0-9AA3-A04E8AD0EB39}
		{EB75E594-421B-4939-B4C7-063AFE60AD7E} = {71FBAC85-DF21-4BC0-9AA3-A04E8AD0EB39}
		{B66DCBD0-4102-427D-965A-A124E6F95CD9} = {71FBAC85-DF21-4BC0-9AA3-A04E8AD0EB39}
		{F1CD2570-ABD2-443C-B86D-C0DB832ED0BD} = {71FBAC85-DF21-4BC0-9AA3-A04E8AD0EB39}
		{48F1A5DF-6568-4DCB-AF0B-2FD5CC89F844} = {71FBAC85-DF21-4BC0-9AA3-A04E8AD0EB39}
	EndGlobalSection
	GlobalSection(ExtensibilityGlobals) = postSolution
		SolutionGuid = {C899CB59-E22D-42C9-99B5-1A769146B06C}
	EndGlobalSection
EndGlobal
